{
  "name": "@daonomic/regulated",
  "version": "0.2.0",
  "lockfileVersion": 1,
  "requires": true,
  "dependencies": {
    "@daonomic/interfaces": {
      "version": "0.2.1",
      "resolved": "https://registry.npmjs.org/@daonomic/interfaces/-/interfaces-0.2.1.tgz",
      "integrity": "sha512-yFH8kOxMLGKwBJERtdkHNtjvUj2AbMEFVlGD0vhhzi999u0nccg2cdzDAVwsTOyDpTSO+B7xJoJVWXBx3azb6Q=="
    },
    "@daonomic/sale": {
      "version": "0.2.1",
      "resolved": "https://registry.npmjs.org/@daonomic/sale/-/sale-0.2.1.tgz",
      "integrity": "sha512-jtq6C0Tf5SQaT9KC/UoXsXXQ6EeRvZBTcBP+SKjdAJCLl9mHGjgC0z7bW3K86YBnMPGDS2rJkmtZVVOTCMPDrQ==",
      "dev": true,
      "requires": {
        "@daonomic/interfaces": "~0.2",
        "@daonomic/util": "~0.2"
      }
    },
    "@daonomic/tests-common": {
      "version": "0.2.0",
      "resolved": "https://registry.npmjs.org/@daonomic/tests-common/-/tests-common-0.2.0.tgz",
      "integrity": "sha512-39a3038Uxq2jDdSUTsAbJuD9F+m35PZ0R6S0iSfVZEyebCfTK36fkTaH5p+OpT7SV/eBnfJkj4opfH5H+J/9pQ==",
      "dev": true
    },
    "@daonomic/tokens": {
      "version": "0.2.0",
      "resolved": "https://registry.npmjs.org/@daonomic/tokens/-/tokens-0.2.0.tgz",
      "integrity": "sha512-/vKyk+khKcL/di+hmuSHykBp42906RIzrLZNNN+gjYIuk/gkqb5ZJxxT2AwCxEMUhlTE3KkfDpvhqJpdXoUBpQ==",
      "requires": {
        "@daonomic/interfaces": "^0.2.1",
        "@daonomic/util": "~0.2"
      }
    },
    "@daonomic/util": {
      "version": "0.2.0",
      "resolved": "https://registry.npmjs.org/@daonomic/util/-/util-0.2.0.tgz",
      "integrity": "sha512-C1sWU9tqKGZUGNrthg6wYTTkjQoZbQ+tKOK404Dhnahk8PoVwPKHu/smdER3RiskPohUr1ywBn5uhKr2jTikBA=="
    }
  }
}
