{
  "name": "@daonomic/regulated",
  "version": "0.1.10",
  "lockfileVersion": 1,
  "requires": true,
  "dependencies": {
    "@daonomic/interfaces": {
      "version": "0.1.8",
      "resolved": "https://registry.npmjs.org/@daonomic/interfaces/-/interfaces-0.1.8.tgz",
      "integrity": "sha512-RD9bDX3204ZUoDN0lFTEjAulbBUCvww+eJlLU9MK9YoGYvRfTJR0zyiZ3iMSf7G6jcQNlW701r+Xt+95UiUkBw=="
    },
    "@daonomic/sale": {
      "version": "0.1.33",
      "resolved": "https://registry.npmjs.org/@daonomic/sale/-/sale-0.1.33.tgz",
      "integrity": "sha512-Saq36u1UrihlzYMZFP3tcKMl2yXKuVebN0PT5UhFpTokHPJJpZdAEWowd2CZVMe1SlRdxat7G9QNbDEoE6g49g==",
      "dev": true,
      "requires": {
        "@daonomic/interfaces": "0.1.8",
        "@daonomic/util": "~0.1"
      }
    },
    "@daonomic/tests-common": {
      "version": "0.1.2",
      "resolved": "https://registry.npmjs.org/@daonomic/tests-common/-/tests-common-0.1.2.tgz",
      "integrity": "sha512-wyrqT97jqzQS2wOzx2KtJNysdRuFanKheNR2f/XTi/0fjBiAHiPfvZQXT3f/CJYcndVZO33GCWc/p0CZjmGnqA==",
      "dev": true
    },
    "@daonomic/tokens": {
      "version": "0.1.15",
      "resolved": "https://registry.npmjs.org/@daonomic/tokens/-/tokens-0.1.15.tgz",
      "integrity": "sha512-zLJ069zj+P03fFoOSsQo2lcx7rSgPDg7oeL/kUs3NxLmysBoJfMUPIbbDfoP7gp2bLTr2FZ1AwedQIt5cVKUOA==",
      "requires": {
        "@daonomic/interfaces": "~0.1",
        "@daonomic/util": "~0.1"
      }
    },
    "@daonomic/util": {
      "version": "0.1.7",
      "resolved": "https://registry.npmjs.org/@daonomic/util/-/util-0.1.7.tgz",
      "integrity": "sha512-LlHcFHaT2fVJY3j0JdaHgXyOwEArUyGh0NlOexfjfsydsv0/VBNeDx8uA32jaf6O04b87gtH3q8joTEHyL2psQ=="
    }
  }
}
